
Microsoft Visual Studio Solution File, Format Version 12.00
# Visual Studio Version 17
VisualStudioVersion = 17.5.002.0
MinimumVisualStudioVersion = 10.0.40219.1
Project("{2150E333-8FDC-42A3-9474-1A3956D46DE8}") = "csharp", "csharp", "{04530FC0-63BD-4A43-8428-8D466045F584}"
EndProject
Project("{9A19103F-16F7-4668-BE54-9A1E7A4F7556}") = "HelloWorld", "csharp\hello-world\HelloWorld.csproj", "{B703FA36-81C9-412A-8D4A-B073E03E16A8}"
EndProject
Global
	GlobalSection(SolutionConfigurationPlatforms) = preSolution
		Debug|Any CPU = Debug|Any CPU
		Release|Any CPU = Release|Any CPU
	EndGlobalSection
	GlobalSection(ProjectConfigurationPlatforms) = postSolution
		{B703FA36-81C9-412A-8D4A-B073E03E16A8}.Debug|Any CPU.ActiveCfg = Debug|Any CPU
		{B703FA36-81C9-412A-8D4A-B073E03E16A8}.Debug|Any CPU.Build.0 = Debug|Any CPU
		{B703FA36-81C9-412A-8D4A-B073E03E16A8}.Release|Any CPU.ActiveCfg = Release|Any CPU
		{B703FA36-81C9-412A-8D4A-B073E03E16A8}.Release|Any CPU.Build.0 = Release|Any CPU
	EndGlobalSection
	GlobalSection(SolutionProperties) = preSolution
		HideSolutionNode = FALSE
	EndGlobalSection
	GlobalSection(NestedProjects) = preSolution
		{B703FA36-81C9-412A-8D4A-B073E03E16A8} = {04530FC0-63BD-4A43-8428-8D466045F584}
	EndGlobalSection
	GlobalSection(ExtensibilityGlobals) = postSolution
		SolutionGuid = {AEB8306F-012F-40BB-89DD-52A3453446E3}
	EndGlobalSection
EndGlobal
